// !$*UTF8*$!
{
	archiveVersion = 1;
	classes = {
	};
	objectVersion = 77;
	objects = {

/* Begin PBXContainerItemProxy section */
		B0AD1FA12D80C15000913072 /* PBXContainerItemProxy */ = {
			isa = PBXContainerItemProxy;
			containerPortal = B0AD1F882D80C14E00913072 /* Project object */;
			proxyType = 1;
			remoteGlobalIDString = B0AD1F8F2D80C14E00913072;
			remoteInfo = RecipeFetch;
		};
		B0AD1FAB2D80C15000913072 /* PBXContainerItemProxy */ = {
			isa = PBXContainerItemProxy;
			containerPortal = B0AD1F882D80C14E00913072 /* Project object */;
			proxyType = 1;
			remoteGlobalIDString = B0AD1F8F2D80C14E00913072;
			remoteInfo = RecipeFetch;
		};
/* End PBXContainerItemProxy section */

/* Begin PBXFileReference section */
		B0AD1F902D80C14E00913072 /* RecipeFetch.app */ = {isa = PBXFileReference; explicitFileType = wrapper.application; includeInIndex = 0; path = RecipeFetch.app; sourceTree = BUILT_PRODUCTS_DIR; };
		B0AD1FA02D80C15000913072 /* RecipeFetchTests.xctest */ = {isa = PBXFileReference; explicitFileType = wrapper.cfbundle; includeInIndex = 0; path = RecipeFetchTests.xctest; sourceTree = BUILT_PRODUCTS_DIR; };
		B0AD1FAA2D80C15000913072 /* RecipeFetchUITests.xctest */ = {isa = PBXFileReference; explicitFileType = wrapper.cfbundle; includeInIndex = 0; path = RecipeFetchUITests.xctest; sourceTree = BUILT_PRODUCTS_DIR; };
/* End PBXFileReference section */

/* Begin PBXFileSystemSynchronizedRootGroup section */
		B0AD1F922D80C14E00913072 /* RecipeFetch */ = {
			isa = PBXFileSystemSynchronizedRootGroup;
			path = RecipeFetch;
			sourceTree = "<group>";
		};
		B0AD1FA32D80C15000913072 /* RecipeFetchTests */ = {
			isa = PBXFileSystemSynchronizedRootGroup;
			path = RecipeFetchTests;
			sourceTree = "<group>";
		};
		B0AD1FAD2D80C15000913072 /* RecipeFetchUITests */ = {
			isa = PBXFileSystemSynchronizedRootGroup;
			path = RecipeFetchUITests;
			sourceTree = "<group>";
		};
/* End PBXFileSystemSynchronizedRootGroup section */

/* Begin PBXFrameworksBuildPhase section */
		B0AD1F8D2D80C14E00913072 /* Frameworks */ = {
			isa = PBXFrameworksBuildPhase;
			buildActionMask = 2147483647;
			files = (
			);
			runOnlyForDeploymentPostprocessing = 0;
		};
		B0AD1F9D2D80C15000913072 /* Frameworks */ = {
			isa = PBXFrameworksBuildPhase;
			buildActionMask = 2147483647;
			files = (
			);
			runOnlyForDeploymentPostprocessing = 0;
		};
		B0AD1FA72D80C15000913072 /* Frameworks */ = {
			isa = PBXFrameworksBuildPhase;
			buildActionMask = 2147483647;
			files = (
			);
			runOnlyForDeploymentPostprocessing = 0;
		};
/* End PBXFrameworksBuildPhase section */

/* Begin PBXGroup section */
		B0AD1F872D80C14E00913072 = {
			isa = PBXGroup;
			children = (
				B0AD1F922D80C14E00913072 /* RecipeFetch */,
				B0AD1FA32D80C15000913072 /* RecipeFetchTests */,
				B0AD1FAD2D80C15000913072 /* RecipeFetchUITests */,
				B0AD1F912D80C14E00913072 /* Products */,
			);
			sourceTree = "<group>";
		};
		B0AD1F912D80C14E00913072 /* Products */ = {
			isa = PBXGroup;
			children = (
				B0AD1F902D80C14E00913072 /* RecipeFetch.app */,
				B0AD1FA02D80C15000913072 /* RecipeFetchTests.xctest */,
				B0AD1FAA2D80C15000913072 /* RecipeFetchUITests.xctest */,
			);
			name = Products;
			sourceTree = "<group>";
		};
/* End PBXGroup section */

/* Begin PBXNativeTarget section */
		B0AD1F8F2D80C14E00913072 /* RecipeFetch */ = {
			isa = PBXNativeTarget;
			buildConfigurationList = B0AD1FB42D80C15000913072 /* Build configuration list for PBXNativeTarget "RecipeFetch" */;
			buildPhases = (
				B0AD1F8C2D80C14E00913072 /* Sources */,
				B0AD1F8D2D80C14E00913072 /* Frameworks */,
				B0AD1F8E2D80C14E00913072 /* Resources */,
			);
			buildRules = (
			);
			dependencies = (
			);
			fileSystemSynchronizedGroups = (
				B0AD1F922D80C14E00913072 /* RecipeFetch */,
			);
			name = RecipeFetch;
			packageProductDependencies = (
			);
			productName = RecipeFetch;
			productReference = B0AD1F902D80C14E00913072 /* RecipeFetch.app */;
			productType = "com.apple.product-type.application";
		};
		B0AD1F9F2D80C15000913072 /* RecipeFetchTests */ = {
			isa = PBXNativeTarget;
			buildConfigurationList = B0AD1FB72D80C15000913072 /* Build configuration list for PBXNativeTarget "RecipeFetchTests" */;
			buildPhases = (
				B0AD1F9C2D80C15000913072 /* Sources */,
				B0AD1F9D2D80C15000913072 /* Frameworks */,
				B0AD1F9E2D80C15000913072 /* Resources */,
			);
			buildRules = (
			);
			dependencies = (
				B0AD1FA22D80C15000913072 /* PBXTargetDependency */,
			);
			fileSystemSynchronizedGroups = (
				B0AD1FA32D80C15000913072 /* RecipeFetchTests */,
			);
			name = RecipeFetchTests;
			packageProductDependencies = (
			);
			productName = RecipeFetchTests;
			productReference = B0AD1FA02D80C15000913072 /* RecipeFetchTests.xctest */;
			productType = "com.apple.product-type.bundle.unit-test";
		};
		B0AD1FA92D80C15000913072 /* RecipeFetchUITests */ = {
			isa = PBXNativeTarget;
			buildConfigurationList = B0AD1FBA2D80C15000913072 /* Build configuration list for PBXNativeTarget "RecipeFetchUITests" */;
			buildPhases = (
				B0AD1FA62D80C15000913072 /* Sources */,
				B0AD1FA72D80C15000913072 /* Frameworks */,
				B0AD1FA82D80C15000913072 /* Resources */,
			);
			buildRules = (
			);
			dependencies = (
				B0AD1FAC2D80C15000913072 /* PBXTargetDependency */,
			);
			fileSystemSynchronizedGroups = (
				B0AD1FAD2D80C15000913072 /* RecipeFetchUITests */,
			);
			name = RecipeFetchUITests;
			packageProductDependencies = (
			);
			productName = RecipeFetchUITests;
			productReference = B0AD1FAA2D80C15000913072 /* RecipeFetchUITests.xctest */;
			productType = "com.apple.product-type.bundle.ui-testing";
		};
/* End PBXNativeTarget section */

/* Begin PBXProject section */
		B0AD1F882D80C14E00913072 /* Project object */ = {
			isa = PBXProject;
			attributes = {
				BuildIndependentTargetsInParallel = 1;
				LastSwiftUpdateCheck = 1620;
				LastUpgradeCheck = 1620;
				TargetAttributes = {
					B0AD1F8F2D80C14E00913072 = {
						CreatedOnToolsVersion = 16.2;
					};
					B0AD1F9F2D80C15000913072 = {
						CreatedOnToolsVersion = 16.2;
						TestTargetID = B0AD1F8F2D80C14E00913072;
					};
					B0AD1FA92D80C15000913072 = {
						CreatedOnToolsVersion = 16.2;
						TestTargetID = B0AD1F8F2D80C14E00913072;
					};
				};
			};
			buildConfigurationList = B0AD1F8B2D80C14E00913072 /* Build configuration list for PBXProject "RecipeFetch" */;
			developmentRegion = en;
			hasScannedForEncodings = 0;
			knownRegions = (
				en,
				Base,
			);
			mainGroup = B0AD1F872D80C14E00913072;
			minimizedProjectReferenceProxies = 1;
			preferredProjectObjectVersion = 77;
			productRefGroup = B0AD1F912D80C14E00913072 /* Products */;
			projectDirPath = "";
			projectRoot = "";
			targets = (
				B0AD1F8F2D80C14E00913072 /* RecipeFetch */,
				B0AD1F9F2D80C15000913072 /* RecipeFetchTests */,
				B0AD1FA92D80C15000913072 /* RecipeFetchUITests */,
			);
		};
/* End PBXProject section */

/* Begin PBXResourcesBuildPhase section */
		B0AD1F8E2D80C14E00913072 /* Resources */ = {
			isa = PBXResourcesBuildPhase;
			buildActionMask = 2147483647;
			files = (
			);
			runOnlyForDeploymentPostprocessing = 0;
		};
		B0AD1F9E2D80C15000913072 /* Resources */ = {
			isa = PBXResourcesBuildPhase;
			buildActionMask = 2147483647;
			files = (
			);
			runOnlyForDeploymentPostprocessing = 0;
		};
		B0AD1FA82D80C15000913072 /* Resources */ = {
			isa = PBXResourcesBuildPhase;
			buildActionMask = 2147483647;
			files = (
			);
			runOnlyForDeploymentPostprocessing = 0;
		};
/* End PBXResourcesBuildPhase section */

/* Begin PBXSourcesBuildPhase section */
		B0AD1F8C2D80C14E00913072 /* Sources */ = {
			isa = PBXSourcesBuildPhase;
			buildActionMask = 2147483647;
			files = (
			);
			runOnlyForDeploymentPostprocessing = 0;
		};
		B0AD1F9C2D80C15000913072 /* Sources */ = {
			isa = PBXSourcesBuildPhase;
			buildActionMask = 2147483647;
			files = (
			);
			runOnlyForDeploymentPostprocessing = 0;
		};
		B0AD1FA62D80C15000913072 /* Sources */ = {
			isa = PBXSourcesBuildPhase;
			buildActionMask = 2147483647;
			files = (
			);
			runOnlyForDeploymentPostprocessing = 0;
		};
/* End PBXSourcesBuildPhase section */

/* Begin PBXTargetDependency section */
		B0AD1FA22D80C15000913072 /* PBXTargetDependency */ = {
			isa = PBXTargetDependency;
			target = B0AD1F8F2D80C14E00913072 /* RecipeFetch */;
			targetProxy = B0AD1FA12D80C15000913072 /* PBXContainerItemProxy */;
		};
		B0AD1FAC2D80C15000913072 /* PBXTargetDependency */ = {
			isa = PBXTargetDependency;
			target = B0AD1F8F2D80C14E00913072 /* RecipeFetch */;
			targetProxy = B0AD1FAB2D80C15000913072 /* PBXContainerItemProxy */;
		};
/* End PBXTargetDependency section */

/* Begin XCBuildConfiguration section */
		B0AD1FB22D80C15000913072 /* Debug */ = {
			isa = XCBuildConfiguration;
			buildSettings = {
				ALWAYS_SEARCH_USER_PATHS = NO;
				ASSETCATALOG_COMPILER_GENERATE_SWIFT_ASSET_SYMBOL_EXTENSIONS = YES;
				CLANG_ANALYZER_NONNULL = YES;
				CLANG_ANALYZER_NUMBER_OBJECT_CONVERSION = YES_AGGRESSIVE;
				CLANG_CXX_LANGUAGE_STANDARD = "gnu++20";
				CLANG_ENABLE_MODULES = YES;
				CLANG_ENABLE_OBJC_ARC = YES;
				CLANG_ENABLE_OBJC_WEAK = YES;
				CLANG_WARN_BLOCK_CAPTURE_AUTORELEASING = YES;
				CLANG_WARN_BOOL_CONVERSION = YES;
				CLANG_WARN_COMMA = YES;
				CLANG_WARN_CONSTANT_CONVERSION = YES;
				CLANG_WARN_DEPRECATED_OBJC_IMPLEMENTATIONS = YES;
				CLANG_WARN_DIRECT_OBJC_ISA_USAGE = YES_ERROR;
				CLANG_WARN_DOCUMENTATION_COMMENTS = YES;
				CLANG_WARN_EMPTY_BODY = YES;
				CLANG_WARN_ENUM_CONVERSION = YES;
				CLANG_WARN_INFINITE_RECURSION = YES;
				CLANG_WARN_INT_CONVERSION = YES;
				CLANG_WARN_NON_LITERAL_NULL_CONVERSION = YES;
				CLANG_WARN_OBJC_IMPLICIT_RETAIN_SELF = YES;
				CLANG_WARN_OBJC_LITERAL_CONVERSION = YES;
				CLANG_WARN_OBJC_ROOT_CLASS = YES_ERROR;
				CLANG_WARN_QUOTED_INCLUDE_IN_FRAMEWORK_HEADER = YES;
				CLANG_WARN_RANGE_LOOP_ANALYSIS = YES;
				CLANG_WARN_STRICT_PROTOTYPES = YES;
				CLANG_WARN_SUSPICIOUS_MOVE = YES;
				CLANG_WARN_UNGUARDED_AVAILABILITY = YES_AGGRESSIVE;
				CLANG_WARN_UNREACHABLE_CODE = YES;
				CLANG_WARN__DUPLICATE_METHOD_MATCH = YES;
				COPY_PHASE_STRIP = NO;
				DEBUG_INFORMATION_FORMAT = dwarf;
				ENABLE_STRICT_OBJC_MSGSEND = YES;
				ENABLE_TESTABILITY = YES;
				ENABLE_USER_SCRIPT_SANDBOXING = YES;
				GCC_C_LANGUAGE_STANDARD = gnu17;
				GCC_DYNAMIC_NO_PIC = NO;
				GCC_NO_COMMON_BLOCKS = YES;
				GCC_OPTIMIZATION_LEVEL = 0;
				GCC_PREPROCESSOR_DEFINITIONS = (
					"DEBUG=1",
					"$(inherited)",
				);
				GCC_WARN_64_TO_32_BIT_CONVERSION = YES;
				GCC_WARN_ABOUT_RETURN_TYPE = YES_ERROR;
				GCC_WARN_UNDECLARED_SELECTOR = YES;
				GCC_WARN_UNINITIALIZED_AUTOS = YES_AGGRESSIVE;
				GCC_WARN_UNUSED_FUNCTION = YES;
				GCC_WARN_UNUSED_VARIABLE = YES;
				IPHONEOS_DEPLOYMENT_TARGET = 18.2;
				LOCALIZATION_PREFERS_STRING_CATALOGS = YES;
				MTL_ENABLE_DEBUG_INFO = INCLUDE_SOURCE;
				MTL_FAST_MATH = YES;
				ONLY_ACTIVE_ARCH = YES;
				SDKROOT = iphoneos;
				SWIFT_ACTIVE_COMPILATION_CONDITIONS = "DEBUG $(inherited)";
				SWIFT_OPTIMIZATION_LEVEL = "-Onone";
			};
			name = Debug;
		};
		B0AD1FB32D80C15000913072 /* Release */ = {
			isa = XCBuildConfiguration;
			buildSettings = {
				ALWAYS_SEARCH_USER_PATHS = NO;
				ASSETCATALOG_COMPILER_GENERATE_SWIFT_ASSET_SYMBOL_EXTENSIONS = YES;
				CLANG_ANALYZER_NONNULL = YES;
				CLANG_ANALYZER_NUMBER_OBJECT_CONVERSION = YES_AGGRESSIVE;
				CLANG_CXX_LANGUAGE_STANDARD = "gnu++20";
				CLANG_ENABLE_MODULES = YES;
				CLANG_ENABLE_OBJC_ARC = YES;
				CLANG_ENABLE_OBJC_WEAK = YES;
				CLANG_WARN_BLOCK_CAPTURE_AUTORELEASING = YES;
				CLANG_WARN_BOOL_CONVERSION = YES;
				CLANG_WARN_COMMA = YES;
				CLANG_WARN_CONSTANT_CONVERSION = YES;
				CLANG_WARN_DEPRECATED_OBJC_IMPLEMENTATIONS = YES;
				CLANG_WARN_DIRECT_OBJC_ISA_USAGE = YES_ERROR;
				CLANG_WARN_DOCUMENTATION_COMMENTS = YES;
				CLANG_WARN_EMPTY_BODY = YES;
				CLANG_WARN_ENUM_CONVERSION = YES;
				CLANG_WARN_INFINITE_RECURSION = YES;
				CLANG_WARN_INT_CONVERSION = YES;
				CLANG_WARN_NON_LITERAL_NULL_CONVERSION = YES;
				CLANG_WARN_OBJC_IMPLICIT_RETAIN_SELF = YES;
				CLANG_WARN_OBJC_LITERAL_CONVERSION = YES;
				CLANG_WARN_OBJC_ROOT_CLASS = YES_ERROR;
				CLANG_WARN_QUOTED_INCLUDE_IN_FRAMEWORK_HEADER = YES;
				CLANG_WARN_RANGE_LOOP_ANALYSIS = YES;
				CLANG_WARN_STRICT_PROTOTYPES = YES;
				CLANG_WARN_SUSPICIOUS_MOVE = YES;
				CLANG_WARN_UNGUARDED_AVAILABILITY = YES_AGGRESSIVE;
				CLANG_WARN_UNREACHABLE_CODE = YES;
				CLANG_WARN__DUPLICATE_METHOD_MATCH = YES;
				COPY_PHASE_STRIP = NO;
				DEBUG_INFORMATION_FORMAT = "dwarf-with-dsym";
				ENABLE_NS_ASSERTIONS = NO;
				ENABLE_STRICT_OBJC_MSGSEND = YES;
				ENABLE_USER_SCRIPT_SANDBOXING = YES;
				GCC_C_LANGUAGE_STANDARD = gnu17;
				GCC_NO_COMMON_BLOCKS = YES;
				GCC_WARN_64_TO_32_BIT_CONVERSION = YES;
				GCC_WARN_ABOUT_RETURN_TYPE = YES_ERROR;
				GCC_WARN_UNDECLARED_SELECTOR = YES;
				GCC_WARN_UNINITIALIZED_AUTOS = YES_AGGRESSIVE;
				GCC_WARN_UNUSED_FUNCTION = YES;
				GCC_WARN_UNUSED_VARIABLE = YES;
				IPHONEOS_DEPLOYMENT_TARGET = 18.2;
				LOCALIZATION_PREFERS_STRING_CATALOGS = YES;
				MTL_ENABLE_DEBUG_INFO = NO;
				MTL_FAST_MATH = YES;
				SDKROOT = iphoneos;
				SWIFT_COMPILATION_MODE = wholemodule;
				VALIDATE_PRODUCT = YES;
			};
			name = Release;
		};
		B0AD1FB52D80C15000913072 /* Debug */ = {
			isa = XCBuildConfiguration;
			buildSettings = {
				ASSETCATALOG_COMPILER_APPICON_NAME = AppIcon;
				ASSETCATALOG_COMPILER_GLOBAL_ACCENT_COLOR_NAME = AccentColor;
				CODE_SIGN_STYLE = Automatic;
				CURRENT_PROJECT_VERSION = 1;
				DEVELOPMENT_ASSET_PATHS = "\"RecipeFetch/Preview Content\"";
				DEVELOPMENT_TEAM = 5H355ZW5ZY;
				ENABLE_PREVIEWS = YES;
				GENERATE_INFOPLIST_FILE = YES;
				INFOPLIST_KEY_UIApplicationSceneManifest_Generation = YES;
				INFOPLIST_KEY_UIApplicationSupportsIndirectInputEvents = YES;
				INFOPLIST_KEY_UILaunchScreen_Generation = YES;
				INFOPLIST_KEY_UISupportedInterfaceOrientations_iPad = "UIInterfaceOrientationPortrait UIInterfaceOrientationPortraitUpsideDown UIInterfaceOrientationLandscapeLeft UIInterfaceOrientationLandscapeRight";
				INFOPLIST_KEY_UISupportedInterfaceOrientations_iPhone = "UIInterfaceOrientationPortrait UIInterfaceOrientationLandscapeLeft UIInterfaceOrientationLandscapeRight";
				LD_RUNPATH_SEARCH_PATHS = (
					"$(inherited)",
					"@executable_path/Frameworks",
				);
				MARKETING_VERSION = 1.0;
				PRODUCT_BUNDLE_IDENTIFIER = com.virgilsoftware.RecipeFetch;
				PRODUCT_NAME = "$(TARGET_NAME)";
				SWIFT_EMIT_LOC_STRINGS = YES;
				SWIFT_VERSION = 5.0;
				TARGETED_DEVICE_FAMILY = "1,2";
			};
			name = Debug;
		};
		B0AD1FB62D80C15000913072 /* Release */ = {
			isa = XCBuildConfiguration;
			buildSettings = {
				ASSETCATALOG_COMPILER_APPICON_NAME = AppIcon;
				ASSETCATALOG_COMPILER_GLOBAL_ACCENT_COLOR_NAME = AccentColor;
				CODE_SIGN_STYLE = Automatic;
				CURRENT_PROJECT_VERSION = 1;
				DEVELOPMENT_ASSET_PATHS = "\"RecipeFetch/Preview Content\"";
				DEVELOPMENT_TEAM = 5H355ZW5ZY;
				ENABLE_PREVIEWS = YES;
				GENERATE_INFOPLIST_FILE = YES;
				INFOPLIST_KEY_UIApplicationSceneManifest_Generation = YES;
				INFOPLIST_KEY_UIApplicationSupportsIndirectInputEvents = YES;
				INFOPLIST_KEY_UILaunchScreen_Generation = YES;
				INFOPLIST_KEY_UISupportedInterfaceOrientations_iPad = "UIInterfaceOrientationPortrait UIInterfaceOrientationPortraitUpsideDown UIInterfaceOrientationLandscapeLeft UIInterfaceOrientationLandscapeRight";
				INFOPLIST_KEY_UISupportedInterfaceOrientations_iPhone = "UIInterfaceOrientationPortrait UIInterfaceOrientationLandscapeLeft UIInterfaceOrientationLandscapeRight";
				LD_RUNPATH_SEARCH_PATHS = (
					"$(inherited)",
					"@executable_path/Frameworks",
				);
				MARKETING_VERSION = 1.0;
				PRODUCT_BUNDLE_IDENTIFIER = com.virgilsoftware.RecipeFetch;
				PRODUCT_NAME = "$(TARGET_NAME)";
				SWIFT_EMIT_LOC_STRINGS = YES;
				SWIFT_VERSION = 5.0;
				TARGETED_DEVICE_FAMILY = "1,2";
			};
			name = Release;
		};
		B0AD1FB82D80C15000913072 /* Debug */ = {
			isa = XCBuildConfiguration;
			buildSettings = {
				BUNDLE_LOADER = "$(TEST_HOST)";
				CODE_SIGN_STYLE = Automatic;
				CURRENT_PROJECT_VERSION = 1;
				DEVELOPMENT_TEAM = 5H355ZW5ZY;
				GENERATE_INFOPLIST_FILE = YES;
				IPHONEOS_DEPLOYMENT_TARGET = 18.2;
				MARKETING_VERSION = 1.0;
				PRODUCT_BUNDLE_IDENTIFIER = com.virgilsoftware.RecipeFetchTests;
				PRODUCT_NAME = "$(TARGET_NAME)";
				SWIFT_EMIT_LOC_STRINGS = NO;
				SWIFT_VERSION = 5.0;
				TARGETED_DEVICE_FAMILY = "1,2";
				TEST_HOST = "$(BUILT_PRODUCTS_DIR)/RecipeFetch.app/$(BUNDLE_EXECUTABLE_FOLDER_PATH)/RecipeFetch";
			};
			name = Debug;
		};
		B0AD1FB92D80C15000913072 /* Release */ = {
			isa = XCBuildConfiguration;
			buildSettings = {
				BUNDLE_LOADER = "$(TEST_HOST)";
				CODE_SIGN_STYLE = Automatic;
				CURRENT_PROJECT_VERSION = 1;
				DEVELOPMENT_TEAM = 5H355ZW5ZY;
				GENERATE_INFOPLIST_FILE = YES;
				IPHONEOS_DEPLOYMENT_TARGET = 18.2;
				MARKETING_VERSION = 1.0;
				PRODUCT_BUNDLE_IDENTIFIER = com.virgilsoftware.RecipeFetchTests;
				PRODUCT_NAME = "$(TARGET_NAME)";
				SWIFT_EMIT_LOC_STRINGS = NO;
				SWIFT_VERSION = 5.0;
				TARGETED_DEVICE_FAMILY = "1,2";
				TEST_HOST = "$(BUILT_PRODUCTS_DIR)/RecipeFetch.app/$(BUNDLE_EXECUTABLE_FOLDER_PATH)/RecipeFetch";
			};
			name = Release;
		};
		B0AD1FBB2D80C15000913072 /* Debug */ = {
			isa = XCBuildConfiguration;
			buildSettings = {
				CODE_SIGN_STYLE = Automatic;
				CURRENT_PROJECT_VERSION = 1;
				DEVELOPMENT_TEAM = 5H355ZW5ZY;
				GENERATE_INFOPLIST_FILE = YES;
				MARKETING_VERSION = 1.0;
				PRODUCT_BUNDLE_IDENTIFIER = com.virgilsoftware.RecipeFetchUITests;
				PRODUCT_NAME = "$(TARGET_NAME)";
				SWIFT_EMIT_LOC_STRINGS = NO;
				SWIFT_VERSION = 5.0;
				TARGETED_DEVICE_FAMILY = "1,2";
				TEST_TARGET_NAME = RecipeFetch;
			};
			name = Debug;
		};
		B0AD1FBC2D80C15000913072 /* Release */ = {
			isa = XCBuildConfiguration;
			buildSettings = {
				CODE_SIGN_STYLE = Automatic;
				CURRENT_PROJECT_VERSION = 1;
				DEVELOPMENT_TEAM = 5H355ZW5ZY;
				GENERATE_INFOPLIST_FILE = YES;
				MARKETING_VERSION = 1.0;
				PRODUCT_BUNDLE_IDENTIFIER = com.virgilsoftware.RecipeFetchUITests;
				PRODUCT_NAME = "$(TARGET_NAME)";
				SWIFT_EMIT_LOC_STRINGS = NO;
				SWIFT_VERSION = 5.0;
				TARGETED_DEVICE_FAMILY = "1,2";
				TEST_TARGET_NAME = RecipeFetch;
			};
			name = Release;
		};
/* End XCBuildConfiguration section */

/* Begin XCConfigurationList section */
		B0AD1F8B2D80C14E00913072 /* Build configuration list for PBXProject "RecipeFetch" */ = {
			isa = XCConfigurationList;
			buildConfigurations = (
				B0AD1FB22D80C15000913072 /* Debug */,
				B0AD1FB32D80C15000913072 /* Release */,
			);
			defaultConfigurationIsVisible = 0;
			defaultConfigurationName = Release;
		};
		B0AD1FB42D80C15000913072 /* Build configuration list for PBXNativeTarget "RecipeFetch" */ = {
			isa = XCConfigurationList;
			buildConfigurations = (
				B0AD1FB52D80C15000913072 /* Debug */,
				B0AD1FB62D80C15000913072 /* Release */,
			);
			defaultConfigurationIsVisible = 0;
			defaultConfigurationName = Release;
		};
		B0AD1FB72D80C15000913072 /* Build configuration list for PBXNativeTarget "RecipeFetchTests" */ = {
			isa = XCConfigurationList;
			buildConfigurations = (
				B0AD1FB82D80C15000913072 /* Debug */,
				B0AD1FB92D80C15000913072 /* Release */,
			);
			defaultConfigurationIsVisible = 0;
			defaultConfigurationName = Release;
		};
		B0AD1FBA2D80C15000913072 /* Build configuration list for PBXNativeTarget "RecipeFetchUITests" */ = {
			isa = XCConfigurationList;
			buildConfigurations = (
				B0AD1FBB2D80C15000913072 /* Debug */,
				B0AD1FBC2D80C15000913072 /* Release */,
			);
			defaultConfigurationIsVisible = 0;
			defaultConfigurationName = Release;
		};
/* End XCConfigurationList section */
	};
	rootObject = B0AD1F882D80C14E00913072 /* Project object */;
}
